Microsoft Visual Studio Solution File, Format Version 12.00
# Visual Studio Version 17
VisualStudioVersion = 17.5.2.0
MinimumVisualStudioVersion = 10.0.40219.1
Project("{FAE04EC0-301F-11D3-BF4B-00C04F79EFBC}") = "jwt-auth-dotnet9-api", "jwt-auth-dotnet9-api.csproj", "{631BC66F-E483-C3BB-450A-1E33E105CCFB}"
EndProject
Global
	GlobalSection(SolutionConfigurationPlatforms) = preSolution
		Debug|Any CPU = Debug|Any CPU
		Release|Any CPU = Release|Any CPU
	EndGlobalSection
	GlobalSection(ProjectConfigurationPlatforms) = postSolution
		{631BC66F-E483-C3BB-450A-1E33E105CCFB}.Debug|Any CPU.ActiveCfg = Debug|Any CPU
		{631BC66F-E483-C3BB-450A-1E33E105CCFB}.Debug|Any CPU.Build.0 = Debug|Any CPU
		{631BC66F-E483-C3BB-450A-1E33E105CCFB}.Release|Any CPU.ActiveCfg = Release|Any CPU
		{631BC66F-E483-C3BB-450A-1E33E105CCFB}.Release|Any CPU.Build.0 = Release|Any CPU
	EndGlobalSection
	GlobalSection(SolutionProperties) = preSolution
		HideSolutionNode = FALSE
	EndGlobalSection
	GlobalSection(ExtensibilityGlobals) = postSolution
		SolutionGuid = {12B65C7A-AE25-4AE0-9794-AD7477B0D94A}
	EndGlobalSection
EndGlobal
